// !$*UTF8*$!
{
	archiveVersion = 1;
	classes = {
	};
	objectVersion = 46;
	objects = {

/* Begin PBXBuildFile section */
		024CFFBB1E4773A8009050C9 /* AppDelegate.swift in Sources */ = {isa = PBXBuildFile; fileRef = 024CFFBA1E4773A8009050C9 /* AppDelegate.swift */; };
		024CFFBD1E4773A8009050C9 /* ViewController.swift in Sources */ = {isa = PBXBuildFile; fileRef = 024CFFBC1E4773A8009050C9 /* ViewController.swift */; };
		024CFFC01E4773A8009050C9 /* Main.storyboard in Resources */ = {isa = PBXBuildFile; fileRef = 024CFFBE1E4773A8009050C9 /* Main.storyboard */; };
		024CFFC21E4773A8009050C9 /* Assets.xcassets in Resources */ = {isa = PBXBuildFile; fileRef = 024CFFC11E4773A8009050C9 /* Assets.xcassets */; };
		024CFFC51E4773A8009050C9 /* LaunchScreen.storyboard in Resources */ = {isa = PBXBuildFile; fileRef = 024CFFC31E4773A8009050C9 /* LaunchScreen.storyboard */; };
		024CFFD01E4773A9009050C9 /* rxmvvmTests.swift in Sources */ = {isa = PBXBuildFile; fileRef = 024CFFCF1E4773A9009050C9 /* rxmvvmTests.swift */; };
		024CFFDB1E4773A9009050C9 /* rxmvvmUITests.swift in Sources */ = {isa = PBXBuildFile; fileRef = 024CFFDA1E4773A9009050C9 /* rxmvvmUITests.swift */; };
		024CFFF01E4812FF009050C9 /* SignUp.storyboard in Resources */ = {isa = PBXBuildFile; fileRef = 024CFFEF1E4812FF009050C9 /* SignUp.storyboard */; };
		024CFFF21E481441009050C9 /* SignUpViewController.swift in Sources */ = {isa = PBXBuildFile; fileRef = 024CFFF11E481441009050C9 /* SignUpViewController.swift */; };
		024CFFF41E481466009050C9 /* BaseViewController.swift in Sources */ = {isa = PBXBuildFile; fileRef = 024CFFF31E481466009050C9 /* BaseViewController.swift */; };
		59C1ED903AC6B278FF55D971 /* Pods_rxmvvmTests.framework in Frameworks */ = {isa = PBXBuildFile; fileRef = EFF33CBBC466C0E3FE4D4511 /* Pods_rxmvvmTests.framework */; };
		A38A25126F35EEDE28D07877 /* Pods_rxmvvmUITests.framework in Frameworks */ = {isa = PBXBuildFile; fileRef = 18DE2D2A405FA0D5154E94B7 /* Pods_rxmvvmUITests.framework */; };
		A5F793CF0519F52317AA241F /* Pods_rxmvvm.framework in Frameworks */ = {isa = PBXBuildFile; fileRef = 1D229B4576BF2954B1805ED7 /* Pods_rxmvvm.framework */; };
/* End PBXBuildFile section */

/* Begin PBXContainerItemProxy section */
		024CFFCC1E4773A9009050C9 /* PBXContainerItemProxy */ = {
			isa = PBXContainerItemProxy;
			containerPortal = 024CFFAF1E4773A8009050C9 /* Project object */;
			proxyType = 1;
			remoteGlobalIDString = 024CFFB61E4773A8009050C9;
			remoteInfo = rxmvvm;
		};
		024CFFD71E4773A9009050C9 /* PBXContainerItemProxy */ = {
			isa = PBXContainerItemProxy;
			containerPortal = 024CFFAF1E4773A8009050C9 /* Project object */;
			proxyType = 1;
			remoteGlobalIDString = 024CFFB61E4773A8009050C9;
			remoteInfo = rxmvvm;
		};
/* End PBXContainerItemProxy section */

/* Begin PBXFileReference section */
		024CFFB71E4773A8009050C9 /* rxmvvm.app */ = {isa = PBXFileReference; explicitFileType = wrapper.application; includeInIndex = 0; path = rxmvvm.app; sourceTree = BUILT_PRODUCTS_DIR; };
		024CFFBA1E4773A8009050C9 /* AppDelegate.swift */ = {isa = PBXFileReference; lastKnownFileType = sourcecode.swift; path = AppDelegate.swift; sourceTree = "<group>"; };
		024CFFBC1E4773A8009050C9 /* ViewController.swift */ = {isa = PBXFileReference; lastKnownFileType = sourcecode.swift; path = ViewController.swift; sourceTree = "<group>"; };
		024CFFBF1E4773A8009050C9 /* Base */ = {isa = PBXFileReference; lastKnownFileType = file.storyboard; name = Base; path = Base.lproj/Main.storyboard; sourceTree = "<group>"; };
		024CFFC11E4773A8009050C9 /* Assets.xcassets */ = {isa = PBXFileReference; lastKnownFileType = folder.assetcatalog; path = Assets.xcassets; sourceTree = "<group>"; };
		024CFFC41E4773A8009050C9 /* Base */ = {isa = PBXFileReference; lastKnownFileType = file.storyboard; name = Base; path = Base.lproj/LaunchScreen.storyboard; sourceTree = "<group>"; };
		024CFFC61E4773A8009050C9 /* Info.plist */ = {isa = PBXFileReference; lastKnownFileType = text.plist.xml; path = Info.plist; sourceTree = "<group>"; };
		024CFFCB1E4773A9009050C9 /* rxmvvmTests.xctest */ = {isa = PBXFileReference; explicitFileType = wrapper.cfbundle; includeInIndex = 0; path = rxmvvmTests.xctest; sourceTree = BUILT_PRODUCTS_DIR; };
		024CFFCF1E4773A9009050C9 /* rxmvvmTests.swift */ = {isa = PBXFileReference; lastKnownFileType = sourcecode.swift; path = rxmvvmTests.swift; sourceTree = "<group>"; };
		024CFFD11E4773A9009050C9 /* Info.plist */ = {isa = PBXFileReference; lastKnownFileType = text.plist.xml; path = Info.plist; sourceTree = "<group>"; };
		024CFFD61E4773A9009050C9 /* rxmvvmUITests.xctest */ = {isa = PBXFileReference; explicitFileType = wrapper.cfbundle; includeInIndex = 0; path = rxmvvmUITests.xctest; sourceTree = BUILT_PRODUCTS_DIR; };
		024CFFDA1E4773A9009050C9 /* rxmvvmUITests.swift */ = {isa = PBXFileReference; lastKnownFileType = sourcecode.swift; path = rxmvvmUITests.swift; sourceTree = "<group>"; };
		024CFFDC1E4773A9009050C9 /* Info.plist */ = {isa = PBXFileReference; lastKnownFileType = text.plist.xml; path = Info.plist; sourceTree = "<group>"; };
		024CFFEF1E4812FF009050C9 /* SignUp.storyboard */ = {isa = PBXFileReference; fileEncoding = 4; lastKnownFileType = file.storyboard; path = SignUp.storyboard; sourceTree = "<group>"; };
		024CFFF11E481441009050C9 /* SignUpViewController.swift */ = {isa = PBXFileReference; fileEncoding = 4; lastKnownFileType = sourcecode.swift; path = SignUpViewController.swift; sourceTree = "<group>"; };
		024CFFF31E481466009050C9 /* BaseViewController.swift */ = {isa = PBXFileReference; fileEncoding = 4; lastKnownFileType = sourcecode.swift; path = BaseViewController.swift; sourceTree = "<group>"; };
		18DE2D2A405FA0D5154E94B7 /* Pods_rxmvvmUITests.framework */ = {isa = PBXFileReference; explicitFileType = wrapper.framework; includeInIndex = 0; path = Pods_rxmvvmUITests.framework; sourceTree = BUILT_PRODUCTS_DIR; };
		1D229B4576BF2954B1805ED7 /* Pods_rxmvvm.framework */ = {isa = PBXFileReference; explicitFileType = wrapper.framework; includeInIndex = 0; path = Pods_rxmvvm.framework; sourceTree = BUILT_PRODUCTS_DIR; };
		35B38B55D4FA4B3DDFA1DA1F /* Pods-rxmvvm.release.xcconfig */ = {isa = PBXFileReference; includeInIndex = 1; lastKnownFileType = text.xcconfig; name = "Pods-rxmvvm.release.xcconfig"; path = "Pods/Target Support Files/Pods-rxmvvm/Pods-rxmvvm.release.xcconfig"; sourceTree = "<group>"; };
		4EC99005A8A03C56900A7536 /* Pods-rxmvvm.debug.xcconfig */ = {isa = PBXFileReference; includeInIndex = 1; lastKnownFileType = text.xcconfig; name = "Pods-rxmvvm.debug.xcconfig"; path = "Pods/Target Support Files/Pods-rxmvvm/Pods-rxmvvm.debug.xcconfig"; sourceTree = "<group>"; };
		705E50FCC3AE75E06EC108B2 /* Pods-rxmvvmUITests.debug.xcconfig */ = {isa = PBXFileReference; includeInIndex = 1; lastKnownFileType = text.xcconfig; name = "Pods-rxmvvmUITests.debug.xcconfig"; path = "Pods/Target Support Files/Pods-rxmvvmUITests/Pods-rxmvvmUITests.debug.xcconfig"; sourceTree = "<group>"; };
		8AE24DCAC2FA71384429CACA /* Pods-rxmvvmTests.release.xcconfig */ = {isa = PBXFileReference; includeInIndex = 1; lastKnownFileType = text.xcconfig; name = "Pods-rxmvvmTests.release.xcconfig"; path = "Pods/Target Support Files/Pods-rxmvvmTests/Pods-rxmvvmTests.release.xcconfig"; sourceTree = "<group>"; };
		B94680C34F14FFB357D631FB /* Pods-rxmvvmTests.debug.xcconfig */ = {isa = PBXFileReference; includeInIndex = 1; lastKnownFileType = text.xcconfig; name = "Pods-rxmvvmTests.debug.xcconfig"; path = "Pods/Target Support Files/Pods-rxmvvmTests/Pods-rxmvvmTests.debug.xcconfig"; sourceTree = "<group>"; };
		DE2E7111E416AA671A04116E /* Pods-rxmvvmUITests.release.xcconfig */ = {isa = PBXFileReference; includeInIndex = 1; lastKnownFileType = text.xcconfig; name = "Pods-rxmvvmUITests.release.xcconfig"; path = "Pods/Target Support Files/Pods-rxmvvmUITests/Pods-rxmvvmUITests.release.xcconfig"; sourceTree = "<group>"; };
		EFF33CBBC466C0E3FE4D4511 /* Pods_rxmvvmTests.framework */ = {isa = PBXFileReference; explicitFileType = wrapper.framework; includeInIndex = 0; path = Pods_rxmvvmTests.framework; sourceTree = BUILT_PRODUCTS_DIR; };
/* End PBXFileReference section */

/* Begin PBXFrameworksBuildPhase section */
		024CFFB41E4773A8009050C9 /* Frameworks */ = {
			isa = PBXFrameworksBuildPhase;
			buildActionMask = 2147483647;
			files = (
				A5F793CF0519F52317AA241F /* Pods_rxmvvm.framework in Frameworks */,
			);
			runOnlyForDeploymentPostprocessing = 0;
		};
		024CFFC81E4773A9009050C9 /* Frameworks */ = {
			isa = PBXFrameworksBuildPhase;
			buildActionMask = 2147483647;
			files = (
				59C1ED903AC6B278FF55D971 /* Pods_rxmvvmTests.framework in Frameworks */,
			);
			runOnlyForDeploymentPostprocessing = 0;
		};
		024CFFD31E4773A9009050C9 /* Frameworks */ = {
			isa = PBXFrameworksBuildPhase;
			buildActionMask = 2147483647;
			files = (
				A38A25126F35EEDE28D07877 /* Pods_rxmvvmUITests.framework in Frameworks */,
			);
			runOnlyForDeploymentPostprocessing = 0;
		};
/* End PBXFrameworksBuildPhase section */

/* Begin PBXGroup section */
		024CFFAE1E4773A8009050C9 = {
			isa = PBXGroup;
			children = (
				024CFFB91E4773A8009050C9 /* rxmvvm */,
				024CFFCE1E4773A9009050C9 /* rxmvvmTests */,
				024CFFD91E4773A9009050C9 /* rxmvvmUITests */,
				024CFFB81E4773A8009050C9 /* Products */,
				39A389FB15FCB55339101408 /* Pods */,
				DE82478E7371495ECFF8949A /* Frameworks */,
			);
			sourceTree = "<group>";
		};
		024CFFB81E4773A8009050C9 /* Products */ = {
			isa = PBXGroup;
			children = (
				024CFFB71E4773A8009050C9 /* rxmvvm.app */,
				024CFFCB1E4773A9009050C9 /* rxmvvmTests.xctest */,
				024CFFD61E4773A9009050C9 /* rxmvvmUITests.xctest */,
			);
			name = Products;
			sourceTree = "<group>";
		};
		024CFFB91E4773A8009050C9 /* rxmvvm */ = {
			isa = PBXGroup;
			children = (
				024CFFEA1E477565009050C9 /* di */,
				024CFFED1E4775D5009050C9 /* application */,
				024CFFEB1E477585009050C9 /* services */,
				024CFFE91E47755D009050C9 /* views */,
				024CFFEC1E4775B3009050C9 /* storyboards */,
				024CFFEE1E47764A009050C9 /* controllers */,
				024CFFE81E477552009050C9 /* viewmodels */,
			);
			path = rxmvvm;
			sourceTree = "<group>";
		};
		024CFFCE1E4773A9009050C9 /* rxmvvmTests */ = {
			isa = PBXGroup;
			children = (
				024CFFCF1E4773A9009050C9 /* rxmvvmTests.swift */,
				024CFFD11E4773A9009050C9 /* Info.plist */,
			);
			path = rxmvvmTests;
			sourceTree = "<group>";
		};
		024CFFD91E4773A9009050C9 /* rxmvvmUITests */ = {
			isa = PBXGroup;
			children = (
				024CFFDA1E4773A9009050C9 /* rxmvvmUITests.swift */,
				024CFFDC1E4773A9009050C9 /* Info.plist */,
			);
			path = rxmvvmUITests;
			sourceTree = "<group>";
		};
		024CFFE81E477552009050C9 /* viewmodels */ = {
			isa = PBXGroup;
			children = (
			);
			name = viewmodels;
			sourceTree = "<group>";
		};
		024CFFE91E47755D009050C9 /* views */ = {
			isa = PBXGroup;
			children = (
				024CFFBC1E4773A8009050C9 /* ViewController.swift */,
			);
			name = views;
			sourceTree = "<group>";
		};
		024CFFEA1E477565009050C9 /* di */ = {
			isa = PBXGroup;
			children = (
			);
			name = di;
			sourceTree = "<group>";
		};
		024CFFEB1E477585009050C9 /* services */ = {
			isa = PBXGroup;
			children = (
			);
			name = services;
			sourceTree = "<group>";
		};
		024CFFEC1E4775B3009050C9 /* storyboards */ = {
			isa = PBXGroup;
			children = (
				024CFFC31E4773A8009050C9 /* LaunchScreen.storyboard */,
				024CFFBE1E4773A8009050C9 /* Main.storyboard */,
				024CFFEF1E4812FF009050C9 /* SignUp.storyboard */,
			);
			name = storyboards;
			sourceTree = "<group>";
		};
		024CFFED1E4775D5009050C9 /* application */ = {
			isa = PBXGroup;
			children = (
				024CFFBA1E4773A8009050C9 /* AppDelegate.swift */,
				024CFFC11E4773A8009050C9 /* Assets.xcassets */,
				024CFFC61E4773A8009050C9 /* Info.plist */,
			);
			name = application;
			sourceTree = "<group>";
		};
		024CFFEE1E47764A009050C9 /* controllers */ = {
			isa = PBXGroup;
			children = (
				024CFFF31E481466009050C9 /* BaseViewController.swift */,
				024CFFF11E481441009050C9 /* SignUpViewController.swift */,
			);
			name = controllers;
			sourceTree = "<group>";
		};
		39A389FB15FCB55339101408 /* Pods */ = {
			isa = PBXGroup;
			children = (
				4EC99005A8A03C56900A7536 /* Pods-rxmvvm.debug.xcconfig */,
				35B38B55D4FA4B3DDFA1DA1F /* Pods-rxmvvm.release.xcconfig */,
				B94680C34F14FFB357D631FB /* Pods-rxmvvmTests.debug.xcconfig */,
				8AE24DCAC2FA71384429CACA /* Pods-rxmvvmTests.release.xcconfig */,
				705E50FCC3AE75E06EC108B2 /* Pods-rxmvvmUITests.debug.xcconfig */,
				DE2E7111E416AA671A04116E /* Pods-rxmvvmUITests.release.xcconfig */,
			);
			name = Pods;
			sourceTree = "<group>";
		};
		DE82478E7371495ECFF8949A /* Frameworks */ = {
			isa = PBXGroup;
			children = (
				1D229B4576BF2954B1805ED7 /* Pods_rxmvvm.framework */,
				EFF33CBBC466C0E3FE4D4511 /* Pods_rxmvvmTests.framework */,
				18DE2D2A405FA0D5154E94B7 /* Pods_rxmvvmUITests.framework */,
			);
			name = Frameworks;
			sourceTree = "<group>";
		};
/* End PBXGroup section */

/* Begin PBXNativeTarget section */
		024CFFB61E4773A8009050C9 /* rxmvvm */ = {
			isa = PBXNativeTarget;
			buildConfigurationList = 024CFFDF1E4773A9009050C9 /* Build configuration list for PBXNativeTarget "rxmvvm" */;
			buildPhases = (
				F7B9F800786EF706B0226D5D /* [CP] Check Pods Manifest.lock */,
				024CFFB31E4773A8009050C9 /* Sources */,
				024CFFB41E4773A8009050C9 /* Frameworks */,
				024CFFB51E4773A8009050C9 /* Resources */,
				B53C401BF7807DD7CE5454BD /* [CP] Embed Pods Frameworks */,
				4790D76A82024924F134AAA8 /* [CP] Copy Pods Resources */,
			);
			buildRules = (
			);
			dependencies = (
			);
			name = rxmvvm;
			productName = rxmvvm;
			productReference = 024CFFB71E4773A8009050C9 /* rxmvvm.app */;
			productType = "com.apple.product-type.application";
		};
		024CFFCA1E4773A9009050C9 /* rxmvvmTests */ = {
			isa = PBXNativeTarget;
			buildConfigurationList = 024CFFE21E4773A9009050C9 /* Build configuration list for PBXNativeTarget "rxmvvmTests" */;
			buildPhases = (
				C25A2F55BBC889E82F9343C2 /* [CP] Check Pods Manifest.lock */,
				024CFFC71E4773A9009050C9 /* Sources */,
				024CFFC81E4773A9009050C9 /* Frameworks */,
				024CFFC91E4773A9009050C9 /* Resources */,
				68A09C56D137B550F8F0DA45 /* [CP] Embed Pods Frameworks */,
				7C225695E0DFA35C1B5BBC39 /* [CP] Copy Pods Resources */,
			);
			buildRules = (
			);
			dependencies = (
				024CFFCD1E4773A9009050C9 /* PBXTargetDependency */,
			);
			name = rxmvvmTests;
			productName = rxmvvmTests;
			productReference = 024CFFCB1E4773A9009050C9 /* rxmvvmTests.xctest */;
			productType = "com.apple.product-type.bundle.unit-test";
		};
		024CFFD51E4773A9009050C9 /* rxmvvmUITests */ = {
			isa = PBXNativeTarget;
			buildConfigurationList = 024CFFE51E4773A9009050C9 /* Build configuration list for PBXNativeTarget "rxmvvmUITests" */;
			buildPhases = (
				E289BF9D9B7F342B1D6ADA75 /* [CP] Check Pods Manifest.lock */,
				024CFFD21E4773A9009050C9 /* Sources */,
				024CFFD31E4773A9009050C9 /* Frameworks */,
				024CFFD41E4773A9009050C9 /* Resources */,
				531C47A79D0D222DE0B630BD /* [CP] Embed Pods Frameworks */,
				E0589FAC904C4BB236AE49F7 /* [CP] Copy Pods Resources */,
			);
			buildRules = (
			);
			dependencies = (
				024CFFD81E4773A9009050C9 /* PBXTargetDependency */,
			);
			name = rxmvvmUITests;
			productName = rxmvvmUITests;
			productReference = 024CFFD61E4773A9009050C9 /* rxmvvmUITests.xctest */;
			productType = "com.apple.product-type.bundle.ui-testing";
		};
/* End PBXNativeTarget section */

/* Begin PBXProject section */
		024CFFAF1E4773A8009050C9 /* Project object */ = {
			isa = PBXProject;
			attributes = {
				LastSwiftUpdateCheck = 0820;
				LastUpgradeCheck = 0820;
				TargetAttributes = {
					024CFFB61E4773A8009050C9 = {
						CreatedOnToolsVersion = 8.2.1;
						DevelopmentTeam = 9F3RLLVA4T;
						ProvisioningStyle = Automatic;
					};
					024CFFCA1E4773A9009050C9 = {
						CreatedOnToolsVersion = 8.2.1;
						ProvisioningStyle = Automatic;
						TestTargetID = 024CFFB61E4773A8009050C9;
					};
					024CFFD51E4773A9009050C9 = {
						CreatedOnToolsVersion = 8.2.1;
						ProvisioningStyle = Automatic;
						TestTargetID = 024CFFB61E4773A8009050C9;
					};
				};
			};
			buildConfigurationList = 024CFFB21E4773A8009050C9 /* Build configuration list for PBXProject "rxmvvm" */;
			compatibilityVersion = "Xcode 3.2";
			developmentRegion = English;
			hasScannedForEncodings = 0;
			knownRegions = (
				en,
				Base,
			);
			mainGroup = 024CFFAE1E4773A8009050C9;
			productRefGroup = 024CFFB81E4773A8009050C9 /* Products */;
			projectDirPath = "";
			projectRoot = "";
			targets = (
				024CFFB61E4773A8009050C9 /* rxmvvm */,
				024CFFCA1E4773A9009050C9 /* rxmvvmTests */,
				024CFFD51E4773A9009050C9 /* rxmvvmUITests */,
			);
		};
/* End PBXProject section */

/* Begin PBXResourcesBuildPhase section */
		024CFFB51E4773A8009050C9 /* Resources */ = {
			isa = PBXResourcesBuildPhase;
			buildActionMask = 2147483647;
			files = (
				024CFFC51E4773A8009050C9 /* LaunchScreen.storyboard in Resources */,
				024CFFC21E4773A8009050C9 /* Assets.xcassets in Resources */,
				024CFFF01E4812FF009050C9 /* SignUp.storyboard in Resources */,
				024CFFC01E4773A8009050C9 /* Main.storyboard in Resources */,
			);
			runOnlyForDeploymentPostprocessing = 0;
		};
		024CFFC91E4773A9009050C9 /* Resources */ = {
			isa = PBXResourcesBuildPhase;
			buildActionMask = 2147483647;
			files = (
			);
			runOnlyForDeploymentPostprocessing = 0;
		};
		024CFFD41E4773A9009050C9 /* Resources */ = {
			isa = PBXResourcesBuildPhase;
			buildActionMask = 2147483647;
			files = (
			);
			runOnlyForDeploymentPostprocessing = 0;
		};
/* End PBXResourcesBuildPhase section */

/* Begin PBXShellScriptBuildPhase section */
		4790D76A82024924F134AAA8 /* [CP] Copy Pods Resources */ = {
			isa = PBXShellScriptBuildPhase;
			buildActionMask = 2147483647;
			files = (
			);
			inputPaths = (
			);
			name = "[CP] Copy Pods Resources";
			outputPaths = (
			);
			runOnlyForDeploymentPostprocessing = 0;
			shellPath = /bin/sh;
			shellScript = "\"${SRCROOT}/Pods/Target Support Files/Pods-rxmvvm/Pods-rxmvvm-resources.sh\"\n";
			showEnvVarsInLog = 0;
		};
		531C47A79D0D222DE0B630BD /* [CP] Embed Pods Frameworks */ = {
			isa = PBXShellScriptBuildPhase;
			buildActionMask = 2147483647;
			files = (
			);
			inputPaths = (
			);
			name = "[CP] Embed Pods Frameworks";
			outputPaths = (
			);
			runOnlyForDeploymentPostprocessing = 0;
			shellPath = /bin/sh;
			shellScript = "\"${SRCROOT}/Pods/Target Support Files/Pods-rxmvvmUITests/Pods-rxmvvmUITests-frameworks.sh\"\n";
			showEnvVarsInLog = 0;
		};
		68A09C56D137B550F8F0DA45 /* [CP] Embed Pods Frameworks */ = {
			isa = PBXShellScriptBuildPhase;
			buildActionMask = 2147483647;
			files = (
			);
			inputPaths = (
			);
			name = "[CP] Embed Pods Frameworks";
			outputPaths = (
			);
			runOnlyForDeploymentPostprocessing = 0;
			shellPath = /bin/sh;
			shellScript = "\"${SRCROOT}/Pods/Target Support Files/Pods-rxmvvmTests/Pods-rxmvvmTests-frameworks.sh\"\n";
			showEnvVarsInLog = 0;
		};
		7C225695E0DFA35C1B5BBC39 /* [CP] Copy Pods Resources */ = {
			isa = PBXShellScriptBuildPhase;
			buildActionMask = 2147483647;
			files = (
			);
			inputPaths = (
			);
			name = "[CP] Copy Pods Resources";
			outputPaths = (
			);
			runOnlyForDeploymentPostprocessing = 0;
			shellPath = /bin/sh;
			shellScript = "\"${SRCROOT}/Pods/Target Support Files/Pods-rxmvvmTests/Pods-rxmvvmTests-resources.sh\"\n";
			showEnvVarsInLog = 0;
		};
		B53C401BF7807DD7CE5454BD /* [CP] Embed Pods Frameworks */ = {
			isa = PBXShellScriptBuildPhase;
			buildActionMask = 2147483647;
			files = (
			);
			inputPaths = (
			);
			name = "[CP] Embed Pods Frameworks";
			outputPaths = (
			);
			runOnlyForDeploymentPostprocessing = 0;
			shellPath = /bin/sh;
			shellScript = "\"${SRCROOT}/Pods/Target Support Files/Pods-rxmvvm/Pods-rxmvvm-frameworks.sh\"\n";
			showEnvVarsInLog = 0;
		};
		C25A2F55BBC889E82F9343C2 /* [CP] Check Pods Manifest.lock */ = {
			isa = PBXShellScriptBuildPhase;
			buildActionMask = 2147483647;
			files = (
			);
			inputPaths = (
			);
			name = "[CP] Check Pods Manifest.lock";
			outputPaths = (
			);
			runOnlyForDeploymentPostprocessing = 0;
			shellPath = /bin/sh;
			shellScript = "diff \"${PODS_ROOT}/../Podfile.lock\" \"${PODS_ROOT}/Manifest.lock\" > /dev/null\nif [ $? != 0 ] ; then\n    # print error to STDERR\n    echo \"error: The sandbox is not in sync with the Podfile.lock. Run 'pod install' or update your CocoaPods installation.\" >&2\n    exit 1\nfi\n";
			showEnvVarsInLog = 0;
		};
		E0589FAC904C4BB236AE49F7 /* [CP] Copy Pods Resources */ = {
			isa = PBXShellScriptBuildPhase;
			buildActionMask = 2147483647;
			files = (
			);
			inputPaths = (
			);
			name = "[CP] Copy Pods Resources";
			outputPaths = (
			);
			runOnlyForDeploymentPostprocessing = 0;
			shellPath = /bin/sh;
			shellScript = "\"${SRCROOT}/Pods/Target Support Files/Pods-rxmvvmUITests/Pods-rxmvvmUITests-resources.sh\"\n";
			showEnvVarsInLog = 0;
		};
		E289BF9D9B7F342B1D6ADA75 /* [CP] Check Pods Manifest.lock */ = {
			isa = PBXShellScriptBuildPhase;
			buildActionMask = 2147483647;
			files = (
			);
			inputPaths = (
			);
			name = "[CP] Check Pods Manifest.lock";
			outputPaths = (
			);
			runOnlyForDeploymentPostprocessing = 0;
			shellPath = /bin/sh;
			shellScript = "diff \"${PODS_ROOT}/../Podfile.lock\" \"${PODS_ROOT}/Manifest.lock\" > /dev/null\nif [ $? != 0 ] ; then\n    # print error to STDERR\n    echo \"error: The sandbox is not in sync with the Podfile.lock. Run 'pod install' or update your CocoaPods installation.\" >&2\n    exit 1\nfi\n";
			showEnvVarsInLog = 0;
		};
		F7B9F800786EF706B0226D5D /* [CP] Check Pods Manifest.lock */ = {
			isa = PBXShellScriptBuildPhase;
			buildActionMask = 2147483647;
			files = (
			);
			inputPaths = (
			);
			name = "[CP] Check Pods Manifest.lock";
			outputPaths = (
			);
			runOnlyForDeploymentPostprocessing = 0;
			shellPath = /bin/sh;
			shellScript = "diff \"${PODS_ROOT}/../Podfile.lock\" \"${PODS_ROOT}/Manifest.lock\" > /dev/null\nif [ $? != 0 ] ; then\n    # print error to STDERR\n    echo \"error: The sandbox is not in sync with the Podfile.lock. Run 'pod install' or update your CocoaPods installation.\" >&2\n    exit 1\nfi\n";
			showEnvVarsInLog = 0;
		};
/* End PBXShellScriptBuildPhase section */

/* Begin PBXSourcesBuildPhase section */
		024CFFB31E4773A8009050C9 /* Sources */ = {
			isa = PBXSourcesBuildPhase;
			buildActionMask = 2147483647;
			files = (
				024CFFF21E481441009050C9 /* SignUpViewController.swift in Sources */,
				024CFFF41E481466009050C9 /* BaseViewController.swift in Sources */,
				024CFFBD1E4773A8009050C9 /* ViewController.swift in Sources */,
				024CFFBB1E4773A8009050C9 /* AppDelegate.swift in Sources */,
			);
			runOnlyForDeploymentPostprocessing = 0;
		};
		024CFFC71E4773A9009050C9 /* Sources */ = {
			isa = PBXSourcesBuildPhase;
			buildActionMask = 2147483647;
			files = (
				024CFFD01E4773A9009050C9 /* rxmvvmTests.swift in Sources */,
			);
			runOnlyForDeploymentPostprocessing = 0;
		};
		024CFFD21E4773A9009050C9 /* Sources */ = {
			isa = PBXSourcesBuildPhase;
			buildActionMask = 2147483647;
			files = (
				024CFFDB1E4773A9009050C9 /* rxmvvmUITests.swift in Sources */,
			);
			runOnlyForDeploymentPostprocessing = 0;
		};
/* End PBXSourcesBuildPhase section */

/* Begin PBXTargetDependency section */
		024CFFCD1E4773A9009050C9 /* PBXTargetDependency */ = {
			isa = PBXTargetDependency;
			target = 024CFFB61E4773A8009050C9 /* rxmvvm */;
			targetProxy = 024CFFCC1E4773A9009050C9 /* PBXContainerItemProxy */;
		};
		024CFFD81E4773A9009050C9 /* PBXTargetDependency */ = {
			isa = PBXTargetDependency;
			target = 024CFFB61E4773A8009050C9 /* rxmvvm */;
			targetProxy = 024CFFD71E4773A9009050C9 /* PBXContainerItemProxy */;
		};
/* End PBXTargetDependency section */

/* Begin PBXVariantGroup section */
		024CFFBE1E4773A8009050C9 /* Main.storyboard */ = {
			isa = PBXVariantGroup;
			children = (
				024CFFBF1E4773A8009050C9 /* Base */,
			);
			name = Main.storyboard;
			sourceTree = "<group>";
		};
		024CFFC31E4773A8009050C9 /* LaunchScreen.storyboard */ = {
			isa = PBXVariantGroup;
			children = (
				024CFFC41E4773A8009050C9 /* Base */,
			);
			name = LaunchScreen.storyboard;
			sourceTree = "<group>";
		};
/* End PBXVariantGroup section */

/* Begin XCBuildConfiguration section */
		024CFFDD1E4773A9009050C9 /* Debug */ = {
			isa = XCBuildConfiguration;
			buildSettings = {
				ALWAYS_SEARCH_USER_PATHS = NO;
				CLANG_ANALYZER_NONNULL = YES;
				CLANG_CXX_LANGUAGE_STANDARD = "gnu++0x";
				CLANG_CXX_LIBRARY = "libc++";
				CLANG_ENABLE_MODULES = YES;
				CLANG_ENABLE_OBJC_ARC = YES;
				CLANG_WARN_BOOL_CONVERSION = YES;
				CLANG_WARN_CONSTANT_CONVERSION = YES;
				CLANG_WARN_DIRECT_OBJC_ISA_USAGE = YES_ERROR;
				CLANG_WARN_DOCUMENTATION_COMMENTS = YES;
				CLANG_WARN_EMPTY_BODY = YES;
				CLANG_WARN_ENUM_CONVERSION = YES;
				CLANG_WARN_INFINITE_RECURSION = YES;
				CLANG_WARN_INT_CONVERSION = YES;
				CLANG_WARN_OBJC_ROOT_CLASS = YES_ERROR;
				CLANG_WARN_SUSPICIOUS_MOVE = YES;
				CLANG_WARN_UNREACHABLE_CODE = YES;
				CLANG_WARN__DUPLICATE_METHOD_MATCH = YES;
				"CODE_SIGN_IDENTITY[sdk=iphoneos*]" = "iPhone Developer";
				COPY_PHASE_STRIP = NO;
				DEBUG_INFORMATION_FORMAT = dwarf;
				ENABLE_STRICT_OBJC_MSGSEND = YES;
				ENABLE_TESTABILITY = YES;
				GCC_C_LANGUAGE_STANDARD = gnu99;
				GCC_DYNAMIC_NO_PIC = NO;
				GCC_NO_COMMON_BLOCKS = YES;
				GCC_OPTIMIZATION_LEVEL = 0;
				GCC_PREPROCESSOR_DEFINITIONS = (
					"DEBUG=1",
					"$(inherited)",
				);
				GCC_WARN_64_TO_32_BIT_CONVERSION = YES;
				GCC_WARN_ABOUT_RETURN_TYPE = YES_ERROR;
				GCC_WARN_UNDECLARED_SELECTOR = YES;
				GCC_WARN_UNINITIALIZED_AUTOS = YES_AGGRESSIVE;
				GCC_WARN_UNUSED_FUNCTION = YES;
				GCC_WARN_UNUSED_VARIABLE = YES;
				IPHONEOS_DEPLOYMENT_TARGET = 10.2;
				MTL_ENABLE_DEBUG_INFO = YES;
				ONLY_ACTIVE_ARCH = YES;
				SDKROOT = iphoneos;
				SWIFT_ACTIVE_COMPILATION_CONDITIONS = DEBUG;
				SWIFT_OPTIMIZATION_LEVEL = "-Onone";
			};
			name = Debug;
		};
		024CFFDE1E4773A9009050C9 /* Release */ = {
			isa = XCBuildConfiguration;
			buildSettings = {
				ALWAYS_SEARCH_USER_PATHS = NO;
				CLANG_ANALYZER_NONNULL = YES;
				CLANG_CXX_LANGUAGE_STANDARD = "gnu++0x";
				CLANG_CXX_LIBRARY = "libc++";
				CLANG_ENABLE_MODULES = YES;
				CLANG_ENABLE_OBJC_ARC = YES;
				CLANG_WARN_BOOL_CONVERSION = YES;
				CLANG_WARN_CONSTANT_CONVERSION = YES;
				CLANG_WARN_DIRECT_OBJC_ISA_USAGE = YES_ERROR;
				CLANG_WARN_DOCUMENTATION_COMMENTS = YES;
				CLANG_WARN_EMPTY_BODY = YES;
				CLANG_WARN_ENUM_CONVERSION = YES;
				CLANG_WARN_INFINITE_RECURSION = YES;
				CLANG_WARN_INT_CONVERSION = YES;
				CLANG_WARN_OBJC_ROOT_CLASS = YES_ERROR;
				CLANG_WARN_SUSPICIOUS_MOVE = YES;
				CLANG_WARN_UNREACHABLE_CODE = YES;
				CLANG_WARN__DUPLICATE_METHOD_MATCH = YES;
				"CODE_SIGN_IDENTITY[sdk=iphoneos*]" = "iPhone Developer";
				COPY_PHASE_STRIP = NO;
				DEBUG_INFORMATION_FORMAT = "dwarf-with-dsym";
				ENABLE_NS_ASSERTIONS = NO;
				ENABLE_STRICT_OBJC_MSGSEND = YES;
				GCC_C_LANGUAGE_STANDARD = gnu99;
				GCC_NO_COMMON_BLOCKS = YES;
				GCC_WARN_64_TO_32_BIT_CONVERSION = YES;
				GCC_WARN_ABOUT_RETURN_TYPE = YES_ERROR;
				GCC_WARN_UNDECLARED_SELECTOR = YES;
				GCC_WARN_UNINITIALIZED_AUTOS = YES_AGGRESSIVE;
				GCC_WARN_UNUSED_FUNCTION = YES;
				GCC_WARN_UNUSED_VARIABLE = YES;
				IPHONEOS_DEPLOYMENT_TARGET = 10.2;
				MTL_ENABLE_DEBUG_INFO = NO;
				SDKROOT = iphoneos;
				SWIFT_OPTIMIZATION_LEVEL = "-Owholemodule";
				VALIDATE_PRODUCT = YES;
			};
			name = Release;
		};
		024CFFE01E4773A9009050C9 /* Debug */ = {
			isa = XCBuildConfiguration;
			baseConfigurationReference = 4EC99005A8A03C56900A7536 /* Pods-rxmvvm.debug.xcconfig */;
			buildSettings = {
				ASSETCATALOG_COMPILER_APPICON_NAME = AppIcon;
				DEVELOPMENT_TEAM = 9F3RLLVA4T;
				INFOPLIST_FILE = rxmvvm/Info.plist;
				IPHONEOS_DEPLOYMENT_TARGET = 9.0;
				LD_RUNPATH_SEARCH_PATHS = "$(inherited) @executable_path/Frameworks";
				PRODUCT_BUNDLE_IDENTIFIER = com.dpc.rxmvvm;
				PRODUCT_NAME = "$(TARGET_NAME)";
				SWIFT_VERSION = 3.0;
			};
			name = Debug;
		};
		024CFFE11E4773A9009050C9 /* Release */ = {
			isa = XCBuildConfiguration;
			baseConfigurationReference = 35B38B55D4FA4B3DDFA1DA1F /* Pods-rxmvvm.release.xcconfig */;
			buildSettings = {
				ASSETCATALOG_COMPILER_APPICON_NAME = AppIcon;
				DEVELOPMENT_TEAM = 9F3RLLVA4T;
				INFOPLIST_FILE = rxmvvm/Info.plist;
				IPHONEOS_DEPLOYMENT_TARGET = 9.0;
				LD_RUNPATH_SEARCH_PATHS = "$(inherited) @executable_path/Frameworks";
				PRODUCT_BUNDLE_IDENTIFIER = com.dpc.rxmvvm;
				PRODUCT_NAME = "$(TARGET_NAME)";
				SWIFT_VERSION = 3.0;
			};
			name = Release;
		};
		024CFFE31E4773A9009050C9 /* Debug */ = {
			isa = XCBuildConfiguration;
			baseConfigurationReference = B94680C34F14FFB357D631FB /* Pods-rxmvvmTests.debug.xcconfig */;
			buildSettings = {
				ALWAYS_EMBED_SWIFT_STANDARD_LIBRARIES = YES;
				BUNDLE_LOADER = "$(TEST_HOST)";
				INFOPLIST_FILE = rxmvvmTests/Info.plist;
				LD_RUNPATH_SEARCH_PATHS = "$(inherited) @executable_path/Frameworks @loader_path/Frameworks";
				PRODUCT_BUNDLE_IDENTIFIER = com.dpc.rxmvvmTests;
				PRODUCT_NAME = "$(TARGET_NAME)";
				SWIFT_VERSION = 3.0;
				TEST_HOST = "$(BUILT_PRODUCTS_DIR)/rxmvvm.app/rxmvvm";
			};
			name = Debug;
		};
		024CFFE41E4773A9009050C9 /* Release */ = {
			isa = XCBuildConfiguration;
			baseConfigurationReference = 8AE24DCAC2FA71384429CACA /* Pods-rxmvvmTests.release.xcconfig */;
			buildSettings = {
				ALWAYS_EMBED_SWIFT_STANDARD_LIBRARIES = YES;
				BUNDLE_LOADER = "$(TEST_HOST)";
				INFOPLIST_FILE = rxmvvmTests/Info.plist;
				LD_RUNPATH_SEARCH_PATHS = "$(inherited) @executable_path/Frameworks @loader_path/Frameworks";
				PRODUCT_BUNDLE_IDENTIFIER = com.dpc.rxmvvmTests;
				PRODUCT_NAME = "$(TARGET_NAME)";
				SWIFT_VERSION = 3.0;
				TEST_HOST = "$(BUILT_PRODUCTS_DIR)/rxmvvm.app/rxmvvm";
			};
			name = Release;
		};
		024CFFE61E4773A9009050C9 /* Debug */ = {
			isa = XCBuildConfiguration;
			baseConfigurationReference = 705E50FCC3AE75E06EC108B2 /* Pods-rxmvvmUITests.debug.xcconfig */;
			buildSettings = {
				ALWAYS_EMBED_SWIFT_STANDARD_LIBRARIES = YES;
				INFOPLIST_FILE = rxmvvmUITests/Info.plist;
				LD_RUNPATH_SEARCH_PATHS = "$(inherited) @executable_path/Frameworks @loader_path/Frameworks";
				PRODUCT_BUNDLE_IDENTIFIER = com.dpc.rxmvvmUITests;
				PRODUCT_NAME = "$(TARGET_NAME)";
				SWIFT_VERSION = 3.0;
				TEST_TARGET_NAME = rxmvvm;
			};
			name = Debug;
		};
		024CFFE71E4773A9009050C9 /* Release */ = {
			isa = XCBuildConfiguration;
			baseConfigurationReference = DE2E7111E416AA671A04116E /* Pods-rxmvvmUITests.release.xcconfig */;
			buildSettings = {
				ALWAYS_EMBED_SWIFT_STANDARD_LIBRARIES = YES;
				INFOPLIST_FILE = rxmvvmUITests/Info.plist;
				LD_RUNPATH_SEARCH_PATHS = "$(inherited) @executable_path/Frameworks @loader_path/Frameworks";
				PRODUCT_BUNDLE_IDENTIFIER = com.dpc.rxmvvmUITests;
				PRODUCT_NAME = "$(TARGET_NAME)";
				SWIFT_VERSION = 3.0;
				TEST_TARGET_NAME = rxmvvm;
			};
			name = Release;
		};
/* End XCBuildConfiguration section */

/* Begin XCConfigurationList section */
		024CFFB21E4773A8009050C9 /* Build configuration list for PBXProject "rxmvvm" */ = {
			isa = XCConfigurationList;
			buildConfigurations = (
				024CFFDD1E4773A9009050C9 /* Debug */,
				024CFFDE1E4773A9009050C9 /* Release */,
			);
			defaultConfigurationIsVisible = 0;
			defaultConfigurationName = Release;
		};
		024CFFDF1E4773A9009050C9 /* Build configuration list for PBXNativeTarget "rxmvvm" */ = {
			isa = XCConfigurationList;
			buildConfigurations = (
				024CFFE01E4773A9009050C9 /* Debug */,
				024CFFE11E4773A9009050C9 /* Release */,
			);
			defaultConfigurationIsVisible = 0;
			defaultConfigurationName = Release;
		};
		024CFFE21E4773A9009050C9 /* Build configuration list for PBXNativeTarget "rxmvvmTests" */ = {
			isa = XCConfigurationList;
			buildConfigurations = (
				024CFFE31E4773A9009050C9 /* Debug */,
				024CFFE41E4773A9009050C9 /* Release */,
			);
			defaultConfigurationIsVisible = 0;
			defaultConfigurationName = Release;
		};
		024CFFE51E4773A9009050C9 /* Build configuration list for PBXNativeTarget "rxmvvmUITests" */ = {
			isa = XCConfigurationList;
			buildConfigurations = (
				024CFFE61E4773A9009050C9 /* Debug */,
				024CFFE71E4773A9009050C9 /* Release */,
			);
			defaultConfigurationIsVisible = 0;
			defaultConfigurationName = Release;
		};
/* End XCConfigurationList section */
	};
	rootObject = 024CFFAF1E4773A8009050C9 /* Project object */;
}
